
Microsoft Visual Studio Solution File, Format Version 12.00
# Visual Studio 2013
VisualStudioVersion = 12.0.40629.0
MinimumVisualStudioVersion = 10.0.40219.1
Project("{FAE04EC0-301F-11D3-BF4B-00C04F79EFBC}") = "ConsoleApplication4", "ConsoleApplication4\ConsoleApplication4.csproj", "{8BC108EB-57D4-41B1-865D-C61AA91C0933}"
EndProject
Project("{FAE04EC0-301F-11D3-BF4B-00C04F79EFBC}") = "MyLog", "MyLog\MyLog.csproj", "{7B139612-8B6B-49A8-AC9F-7D0A23DBD401}"
EndProject
Project("{FAE04EC0-301F-11D3-BF4B-00C04F79EFBC}") = "WebAPIInvoker", "WebAPIInvoker\WebAPIInvoker.csproj", "{5D5FD1CC-07D9-4C04-8AC7-6C271CF1D766}"
EndProject
Project("{FAE04EC0-301F-11D3-BF4B-00C04F79EFBC}") = "AssembyLoader", "AssembyLoader\AssembyLoader.csproj", "{467E102E-BDE1-45BE-913C-9B2AD8049EC4}"
EndProject
Project("{FAE04EC0-301F-11D3-BF4B-00C04F79EFBC}") = "UnityWebApiProxyTest", "UnityWebApiProxyTest\UnityWebApiProxyTest.csproj", "{94657994-2BF9-4147-B412-29C4B8260E20}"
EndProject
Project("{FAE04EC0-301F-11D3-BF4B-00C04F79EFBC}") = "SocketServer", "SocketServer\SocketServer.csproj", "{8A5B0B46-9E80-41F8-B5CE-16A515B46DF1}"
EndProject
Project("{2150E333-8FDC-42A3-9474-1A3956D46DE8}") = "Socket", "Socket", "{547CE99E-6FE1-417C-BC00-DAE7E5820188}"
EndProject
Project("{FAE04EC0-301F-11D3-BF4B-00C04F79EFBC}") = "SocketClient", "SocketClient\SocketClient.csproj", "{DD547C11-A62C-49AA-8569-36EC300402B0}"
EndProject
Project("{FAE04EC0-301F-11D3-BF4B-00C04F79EFBC}") = "AsyncAwaitDemo", "AsyncAwaitTest\AsyncAwaitDemo.csproj", "{5457D879-F917-42E6-B6FF-ED693AE58C25}"
EndProject
Project("{FAE04EC0-301F-11D3-BF4B-00C04F79EFBC}") = "TestProject", "TestProject\TestProject.csproj", "{1A036E23-1229-4898-9D3C-67093455D68C}"
EndProject
Project("{2150E333-8FDC-42A3-9474-1A3956D46DE8}") = "DllInvoker", "DllInvoker", "{43431E7D-A677-447D-91A6-A5A0EA92F182}"
EndProject
Project("{FAE04EC0-301F-11D3-BF4B-00C04F79EFBC}") = "Invoker", "Invoker\Invoker.csproj", "{D9D3FABC-3A2B-4085-9A71-28F79F0B7CEC}"
EndProject
Project("{2150E333-8FDC-42A3-9474-1A3956D46DE8}") = "Locker", "Locker", "{662025F3-9934-4CCC-93A8-F4041B049AD9}"
EndProject
Project("{FAE04EC0-301F-11D3-BF4B-00C04F79EFBC}") = "Locker1", "Locker1\Locker1.csproj", "{500CF891-9CCF-49B3-8FC2-5B83227CEB14}"
EndProject
Project("{2150E333-8FDC-42A3-9474-1A3956D46DE8}") = "Tasker", "Tasker", "{E4DEC6AD-3084-4876-9490-6B16A19849C4}"
EndProject
Project("{FAE04EC0-301F-11D3-BF4B-00C04F79EFBC}") = "TaskerDemo", "TaskerDemo\TaskerDemo.csproj", "{BEC69C8F-A530-41BE-8C42-ADC02FC777EF}"
EndProject
Project("{2150E333-8FDC-42A3-9474-1A3956D46DE8}") = "AttributeTester", "AttributeTester", "{5F331BB3-7C46-4E53-8A84-D8484A8D1BDB}"
EndProject
Project("{FAE04EC0-301F-11D3-BF4B-00C04F79EFBC}") = "Tester", "Tester\Tester.csproj", "{5B7CB306-E7B4-4AA3-8DB3-5A515E2637D8}"
EndProject
Project("{2150E333-8FDC-42A3-9474-1A3956D46DE8}") = "DistinctTester", "DistinctTester", "{EC481FED-48D0-4893-A518-BDCA537482A4}"
EndProject
Project("{FAE04EC0-301F-11D3-BF4B-00C04F79EFBC}") = "DistinctTester", "DistinctTester\DistinctTester.csproj", "{88B0B6AB-C371-4FD2-80F9-CD7B4111AC2B}"
EndProject
Project("{2150E333-8FDC-42A3-9474-1A3956D46DE8}") = "MultiThreadTester", "MultiThreadTester", "{127E45BE-0053-4238-B637-C7B51D7520E8}"
EndProject
Project("{FAE04EC0-301F-11D3-BF4B-00C04F79EFBC}") = "MulitTester", "MulitTester\MulitTester.csproj", "{C7A41DF2-C45D-4F06-93EC-D17C5AFC7B56}"
EndProject
Project("{2150E333-8FDC-42A3-9474-1A3956D46DE8}") = "XmlReaderTester", "XmlReaderTester", "{F8A50F8F-5C10-4082-A00E-7867DB134B55}"
EndProject
Project("{FAE04EC0-301F-11D3-BF4B-00C04F79EFBC}") = "XmlReaderTester", "XmlReaderTester\XmlReaderTester.csproj", "{575FA502-E3D8-4DBC-A833-A5D8F6EAF7FF}"
EndProject
Project("{2150E333-8FDC-42A3-9474-1A3956D46DE8}") = "DataFrameTester", "DataFrameTester", "{7621DC91-2C6D-46C4-81E3-F3D8C52D2FBE}"
EndProject
Project("{FAE04EC0-301F-11D3-BF4B-00C04F79EFBC}") = "DataFrameTester", "DataFrameTester\DataFrameTester.csproj", "{6FDF9564-2991-4790-8100-06A840358F6A}"
EndProject
Project("{2150E333-8FDC-42A3-9474-1A3956D46DE8}") = "CRC16Tester", "CRC16Tester", "{75C8C4AB-47B0-4D5C-8F07-992F80916408}"
EndProject
Project("{FAE04EC0-301F-11D3-BF4B-00C04F79EFBC}") = "CRC16Tester", "CRC16Tester\CRC16Tester.csproj", "{0E657F5A-948F-48E2-85F2-9712C127E503}"
EndProject
Project("{2150E333-8FDC-42A3-9474-1A3956D46DE8}") = "HexConverter", "HexConverter", "{ACCC61C2-39D2-4A1D-AB84-4FF9F900958A}"
EndProject
Project("{FAE04EC0-301F-11D3-BF4B-00C04F79EFBC}") = "HexConverter", "HexConverter\HexConverter.csproj", "{1C84F0C3-3D57-482F-97C8-4F48F9971547}"
EndProject
Project("{2150E333-8FDC-42A3-9474-1A3956D46DE8}") = "ASCIIConverter", "ASCIIConverter", "{F19FF377-CAA1-4F8B-909D-B268002399A6}"
EndProject
Project("{FAE04EC0-301F-11D3-BF4B-00C04F79EFBC}") = "ASCIIConverter", "ASCIIConverter\ASCIIConverter.csproj", "{93141589-2760-48F8-8646-00B34B89CAF0}"
EndProject
Global
	GlobalSection(SolutionConfigurationPlatforms) = preSolution
		Debug|Any CPU = Debug|Any CPU
		Release|Any CPU = Release|Any CPU
	EndGlobalSection
	GlobalSection(ProjectConfigurationPlatforms) = postSolution
		{8BC108EB-57D4-41B1-865D-C61AA91C0933}.Debug|Any CPU.ActiveCfg = Debug|Any CPU
		{8BC108EB-57D4-41B1-865D-C61AA91C0933}.Debug|Any CPU.Build.0 = Debug|Any CPU
		{8BC108EB-57D4-41B1-865D-C61AA91C0933}.Release|Any CPU.ActiveCfg = Release|Any CPU
		{8BC108EB-57D4-41B1-865D-C61AA91C0933}.Release|Any CPU.Build.0 = Release|Any CPU
		{7B139612-8B6B-49A8-AC9F-7D0A23DBD401}.Debug|Any CPU.ActiveCfg = Debug|Any CPU
		{7B139612-8B6B-49A8-AC9F-7D0A23DBD401}.Debug|Any CPU.Build.0 = Debug|Any CPU
		{7B139612-8B6B-49A8-AC9F-7D0A23DBD401}.Release|Any CPU.ActiveCfg = Release|Any CPU
		{7B139612-8B6B-49A8-AC9F-7D0A23DBD401}.Release|Any CPU.Build.0 = Release|Any CPU
		{5D5FD1CC-07D9-4C04-8AC7-6C271CF1D766}.Debug|Any CPU.ActiveCfg = Debug|Any CPU
		{5D5FD1CC-07D9-4C04-8AC7-6C271CF1D766}.Debug|Any CPU.Build.0 = Debug|Any CPU
		{5D5FD1CC-07D9-4C04-8AC7-6C271CF1D766}.Release|Any CPU.ActiveCfg = Release|Any CPU
		{5D5FD1CC-07D9-4C04-8AC7-6C271CF1D766}.Release|Any CPU.Build.0 = Release|Any CPU
		{467E102E-BDE1-45BE-913C-9B2AD8049EC4}.Debug|Any CPU.ActiveCfg = Debug|Any CPU
		{467E102E-BDE1-45BE-913C-9B2AD8049EC4}.Debug|Any CPU.Build.0 = Debug|Any CPU
		{467E102E-BDE1-45BE-913C-9B2AD8049EC4}.Release|Any CPU.ActiveCfg = Release|Any CPU
		{467E102E-BDE1-45BE-913C-9B2AD8049EC4}.Release|Any CPU.Build.0 = Release|Any CPU
		{94657994-2BF9-4147-B412-29C4B8260E20}.Debug|Any CPU.ActiveCfg = Debug|Any CPU
		{94657994-2BF9-4147-B412-29C4B8260E20}.Debug|Any CPU.Build.0 = Debug|Any CPU
		{94657994-2BF9-4147-B412-29C4B8260E20}.Release|Any CPU.ActiveCfg = Release|Any CPU
		{94657994-2BF9-4147-B412-29C4B8260E20}.Release|Any CPU.Build.0 = Release|Any CPU
		{8A5B0B46-9E80-41F8-B5CE-16A515B46DF1}.Debug|Any CPU.ActiveCfg = Debug|Any CPU
		{8A5B0B46-9E80-41F8-B5CE-16A515B46DF1}.Debug|Any CPU.Build.0 = Debug|Any CPU
		{8A5B0B46-9E80-41F8-B5CE-16A515B46DF1}.Release|Any CPU.ActiveCfg = Release|Any CPU
		{8A5B0B46-9E80-41F8-B5CE-16A515B46DF1}.Release|Any CPU.Build.0 = Release|Any CPU
		{DD547C11-A62C-49AA-8569-36EC300402B0}.Debug|Any CPU.ActiveCfg = Debug|Any CPU
		{DD547C11-A62C-49AA-8569-36EC300402B0}.Debug|Any CPU.Build.0 = Debug|Any CPU
		{DD547C11-A62C-49AA-8569-36EC300402B0}.Release|Any CPU.ActiveCfg = Release|Any CPU
		{DD547C11-A62C-49AA-8569-36EC300402B0}.Release|Any CPU.Build.0 = Release|Any CPU
		{5457D879-F917-42E6-B6FF-ED693AE58C25}.Debug|Any CPU.ActiveCfg = Debug|Any CPU
		{5457D879-F917-42E6-B6FF-ED693AE58C25}.Debug|Any CPU.Build.0 = Debug|Any CPU
		{5457D879-F917-42E6-B6FF-ED693AE58C25}.Release|Any CPU.ActiveCfg = Release|Any CPU
		{5457D879-F917-42E6-B6FF-ED693AE58C25}.Release|Any CPU.Build.0 = Release|Any CPU
		{1A036E23-1229-4898-9D3C-67093455D68C}.Debug|Any CPU.ActiveCfg = Debug|Any CPU
		{1A036E23-1229-4898-9D3C-67093455D68C}.Debug|Any CPU.Build.0 = Debug|Any CPU
		{1A036E23-1229-4898-9D3C-67093455D68C}.Release|Any CPU.ActiveCfg = Release|Any CPU
		{1A036E23-1229-4898-9D3C-67093455D68C}.Release|Any CPU.Build.0 = Release|Any CPU
		{D9D3FABC-3A2B-4085-9A71-28F79F0B7CEC}.Debug|Any CPU.ActiveCfg = Debug|Any CPU
		{D9D3FABC-3A2B-4085-9A71-28F79F0B7CEC}.Debug|Any CPU.Build.0 = Debug|Any CPU
		{D9D3FABC-3A2B-4085-9A71-28F79F0B7CEC}.Release|Any CPU.ActiveCfg = Release|Any CPU
		{D9D3FABC-3A2B-4085-9A71-28F79F0B7CEC}.Release|Any CPU.Build.0 = Release|Any CPU
		{500CF891-9CCF-49B3-8FC2-5B83227CEB14}.Debug|Any CPU.ActiveCfg = Debug|Any CPU
		{500CF891-9CCF-49B3-8FC2-5B83227CEB14}.Debug|Any CPU.Build.0 = Debug|Any CPU
		{500CF891-9CCF-49B3-8FC2-5B83227CEB14}.Release|Any CPU.ActiveCfg = Release|Any CPU
		{500CF891-9CCF-49B3-8FC2-5B83227CEB14}.Release|Any CPU.Build.0 = Release|Any CPU
		{BEC69C8F-A530-41BE-8C42-ADC02FC777EF}.Debug|Any CPU.ActiveCfg = Debug|Any CPU
		{BEC69C8F-A530-41BE-8C42-ADC02FC777EF}.Debug|Any CPU.Build.0 = Debug|Any CPU
		{BEC69C8F-A530-41BE-8C42-ADC02FC777EF}.Release|Any CPU.ActiveCfg = Release|Any CPU
		{BEC69C8F-A530-41BE-8C42-ADC02FC777EF}.Release|Any CPU.Build.0 = Release|Any CPU
		{5B7CB306-E7B4-4AA3-8DB3-5A515E2637D8}.Debug|Any CPU.ActiveCfg = Debug|Any CPU
		{5B7CB306-E7B4-4AA3-8DB3-5A515E2637D8}.Debug|Any CPU.Build.0 = Debug|Any CPU
		{5B7CB306-E7B4-4AA3-8DB3-5A515E2637D8}.Release|Any CPU.ActiveCfg = Release|Any CPU
		{5B7CB306-E7B4-4AA3-8DB3-5A515E2637D8}.Release|Any CPU.Build.0 = Release|Any CPU
		{88B0B6AB-C371-4FD2-80F9-CD7B4111AC2B}.Debug|Any CPU.ActiveCfg = Debug|Any CPU
		{88B0B6AB-C371-4FD2-80F9-CD7B4111AC2B}.Debug|Any CPU.Build.0 = Debug|Any CPU
		{88B0B6AB-C371-4FD2-80F9-CD7B4111AC2B}.Release|Any CPU.ActiveCfg = Release|Any CPU
		{88B0B6AB-C371-4FD2-80F9-CD7B4111AC2B}.Release|Any CPU.Build.0 = Release|Any CPU
		{C7A41DF2-C45D-4F06-93EC-D17C5AFC7B56}.Debug|Any CPU.ActiveCfg = Debug|Any CPU
		{C7A41DF2-C45D-4F06-93EC-D17C5AFC7B56}.Debug|Any CPU.Build.0 = Debug|Any CPU
		{C7A41DF2-C45D-4F06-93EC-D17C5AFC7B56}.Release|Any CPU.ActiveCfg = Release|Any CPU
		{C7A41DF2-C45D-4F06-93EC-D17C5AFC7B56}.Release|Any CPU.Build.0 = Release|Any CPU
		{575FA502-E3D8-4DBC-A833-A5D8F6EAF7FF}.Debug|Any CPU.ActiveCfg = Debug|Any CPU
		{575FA502-E3D8-4DBC-A833-A5D8F6EAF7FF}.Debug|Any CPU.Build.0 = Debug|Any CPU
		{575FA502-E3D8-4DBC-A833-A5D8F6EAF7FF}.Release|Any CPU.ActiveCfg = Release|Any CPU
		{575FA502-E3D8-4DBC-A833-A5D8F6EAF7FF}.Release|Any CPU.Build.0 = Release|Any CPU
		{6FDF9564-2991-4790-8100-06A840358F6A}.Debug|Any CPU.ActiveCfg = Debug|Any CPU
		{6FDF9564-2991-4790-8100-06A840358F6A}.Debug|Any CPU.Build.0 = Debug|Any CPU
		{6FDF9564-2991-4790-8100-06A840358F6A}.Release|Any CPU.ActiveCfg = Release|Any CPU
		{6FDF9564-2991-4790-8100-06A840358F6A}.Release|Any CPU.Build.0 = Release|Any CPU
		{0E657F5A-948F-48E2-85F2-9712C127E503}.Debug|Any CPU.ActiveCfg = Debug|Any CPU
		{0E657F5A-948F-48E2-85F2-9712C127E503}.Debug|Any CPU.Build.0 = Debug|Any CPU
		{0E657F5A-948F-48E2-85F2-9712C127E503}.Release|Any CPU.ActiveCfg = Release|Any CPU
		{0E657F5A-948F-48E2-85F2-9712C127E503}.Release|Any CPU.Build.0 = Release|Any CPU
		{1C84F0C3-3D57-482F-97C8-4F48F9971547}.Debug|Any CPU.ActiveCfg = Debug|Any CPU
		{1C84F0C3-3D57-482F-97C8-4F48F9971547}.Debug|Any CPU.Build.0 = Debug|Any CPU
		{1C84F0C3-3D57-482F-97C8-4F48F9971547}.Release|Any CPU.ActiveCfg = Release|Any CPU
		{1C84F0C3-3D57-482F-97C8-4F48F9971547}.Release|Any CPU.Build.0 = Release|Any CPU
		{93141589-2760-48F8-8646-00B34B89CAF0}.Debug|Any CPU.ActiveCfg = Debug|Any CPU
		{93141589-2760-48F8-8646-00B34B89CAF0}.Debug|Any CPU.Build.0 = Debug|Any CPU
		{93141589-2760-48F8-8646-00B34B89CAF0}.Release|Any CPU.ActiveCfg = Release|Any CPU
		{93141589-2760-48F8-8646-00B34B89CAF0}.Release|Any CPU.Build.0 = Release|Any CPU
	EndGlobalSection
	GlobalSection(SolutionProperties) = preSolution
		HideSolutionNode = FALSE
	EndGlobalSection
	GlobalSection(NestedProjects) = preSolution
		{8A5B0B46-9E80-41F8-B5CE-16A515B46DF1} = {547CE99E-6FE1-417C-BC00-DAE7E5820188}
		{DD547C11-A62C-49AA-8569-36EC300402B0} = {547CE99E-6FE1-417C-BC00-DAE7E5820188}
		{D9D3FABC-3A2B-4085-9A71-28F79F0B7CEC} = {43431E7D-A677-447D-91A6-A5A0EA92F182}
		{500CF891-9CCF-49B3-8FC2-5B83227CEB14} = {662025F3-9934-4CCC-93A8-F4041B049AD9}
		{BEC69C8F-A530-41BE-8C42-ADC02FC777EF} = {E4DEC6AD-3084-4876-9490-6B16A19849C4}
		{5B7CB306-E7B4-4AA3-8DB3-5A515E2637D8} = {5F331BB3-7C46-4E53-8A84-D8484A8D1BDB}
		{88B0B6AB-C371-4FD2-80F9-CD7B4111AC2B} = {EC481FED-48D0-4893-A518-BDCA537482A4}
		{C7A41DF2-C45D-4F06-93EC-D17C5AFC7B56} = {127E45BE-0053-4238-B637-C7B51D7520E8}
		{575FA502-E3D8-4DBC-A833-A5D8F6EAF7FF} = {F8A50F8F-5C10-4082-A00E-7867DB134B55}
		{6FDF9564-2991-4790-8100-06A840358F6A} = {7621DC91-2C6D-46C4-81E3-F3D8C52D2FBE}
		{0E657F5A-948F-48E2-85F2-9712C127E503} = {75C8C4AB-47B0-4D5C-8F07-992F80916408}
		{1C84F0C3-3D57-482F-97C8-4F48F9971547} = {ACCC61C2-39D2-4A1D-AB84-4FF9F900958A}
		{93141589-2760-48F8-8646-00B34B89CAF0} = {F19FF377-CAA1-4F8B-909D-B268002399A6}
	EndGlobalSection
EndGlobal
